
Microsoft Visual Studio Solution File, Format Version 12.00
# Visual Studio Version 17
VisualStudioVersion = 17.1.32328.378
MinimumVisualStudioVersion = 10.0.40219.1
Project("{FAE04EC0-301F-11D3-BF4B-00C04F79EFBC}") = "LotoApp", "LotoApp\LotoApp.csproj", "{8F64D918-DC8B-4AF2-B0A0-A846FC578D6B}"
EndProject
Project("{FAE04EC0-301F-11D3-BF4B-00C04F79EFBC}") = "LotoApp.Domain", "LotoApp.Domain\LotoApp.Domain.csproj", "{BD507A52-3FF7-432E-977F-FF752F19191F}"
EndProject
Global
	GlobalSection(SolutionConfigurationPlatforms) = preSolution
		Debug|Any CPU = Debug|Any CPU
		Release|Any CPU = Release|Any CPU
	EndGlobalSection
	GlobalSection(ProjectConfigurationPlatforms) = postSolution
		{8F64D918-DC8B-4AF2-B0A0-A846FC578D6B}.Debug|Any CPU.ActiveCfg = Debug|Any CPU
		{8F64D918-DC8B-4AF2-B0A0-A846FC578D6B}.Debug|Any CPU.Build.0 = Debug|Any CPU
		{8F64D918-DC8B-4AF2-B0A0-A846FC578D6B}.Release|Any CPU.ActiveCfg = Release|Any CPU
		{8F64D918-DC8B-4AF2-B0A0-A846FC578D6B}.Release|Any CPU.Build.0 = Release|Any CPU
		{BD507A52-3FF7-432E-977F-FF752F19191F}.Debug|Any CPU.ActiveCfg = Debug|Any CPU
		{BD507A52-3FF7-432E-977F-FF752F19191F}.Debug|Any CPU.Build.0 = Debug|Any CPU
		{BD507A52-3FF7-432E-977F-FF752F19191F}.Release|Any CPU.ActiveCfg = Release|Any CPU
		{BD507A52-3FF7-432E-977F-FF752F19191F}.Release|Any CPU.Build.0 = Release|Any CPU
	EndGlobalSection
	GlobalSection(SolutionProperties) = preSolution
		HideSolutionNode = FALSE
	EndGlobalSection
	GlobalSection(ExtensibilityGlobals) = postSolution
		SolutionGuid = {704973A6-D141-427A-BD31-326A67BEC3E7}
	EndGlobalSection
EndGlobal
